{
  "name": "ima-core-saas",
  "version": "2.8.18",
  "lockfileVersion": 3,
  "requires": true,
  "packages": {
    "": {
      "name": "ima-core-saas",
      "version": "2.8.18",
      "dependencies": {
        "ima-core-saas": "^2.8.12"
      },
      "bin": {
        "ima": "bin/ima"
      }
    },
    "node_modules/ima-core-saas": {
      "version": "2.8.12",
      "resolved": "https://registry.npmjs.org/ima-core-saas/-/ima-core-saas-2.8.12.tgz",
      "integrity": "sha512-XqdR7OWg7R6DWLdj8/QFhSFU2S2Oc1beGUKFSRgu4lP9+Fy13gzBrr6RQiVKzWVpNULlJIC7NzDTJDjUVQOmIw==",
      "bin": {
        "ima": "bin/ima"
      }
    }
  }
}
