{
  "name": "ima-core-saas",
  "version": "2.2.16",
  "lockfileVersion": 3,
  "requires": true,
  "packages": {
    "": {
      "name": "ima-core-saas",
      "version": "2.2.16",
      "dependencies": {
        "ima-core-saas": "file:ima-core-saas-2.2.16.tgz"
      },
      "bin": {
        "ima": "bin/ima"
      }
    },
    "node_modules/ima-core-saas": {
      "version": "2.2.16",
      "resolved": "file:ima-core-saas-2.2.16.tgz",
      "integrity": "sha512-6jjPhu1vTPu3P0wlb4nVnZ0ITSM3+pNUzPB25plgB/R0q0IQIajqYC1fAOYI4Iu8mss41Od/SIwsrnFXuk8Yhg==",
      "dependencies": {
        "ima-core-saas": "file:ima-core-saas-2.2.16.tgz"
      },
      "bin": {
        "ima": "bin/ima"
      }
    }
  }
}
