f66e8beaac4be9972afe2c26e1afff67d3dcc5c822523afa281173a5453d8968  conversation_layer.py
16ca0e222af8dd5229de04f4d2380d433f76222d6c535d120b4c8a98c16b4dcd  IMA_START.py
fc3d1ebcb6e911f36d2154e1e0bd272cfb070347ba80416c476e273e838691a4  canonical_boot_guard.py
d932f9af4cdb3da2e7aeea0811a27352a2c4bed939acccc999dd32fdb53d2c22  kernel/runtime/CANONICAL/python_bridge.py
eb3ddc69c1896d840de4628513bfa87adc3cc74311a5720bf16031089976d85c  ima_master_runtime.py
6f874f45c90cda87ae98e740fd4f46a7e20c61347d3262b0fb0b50a2f9c768e8  identity_context.py
ad25dd5dd023a7a4eedae2f09abd8ded5ce2d8364d34f05abce2d7f5fe9af9dd  api/server.py
